PODS:
  - MMWormhole (1.1.1):
    - MMWormhole/Core (= 1.1.1)
  - MMWormhole/Core (1.1.1)
  - PeerKit (1.1.0)
  - Stargate (0.0.1):
    - MMWormhole (~> 1.1)
    - PeerKit (~> 1.1)

DEPENDENCIES:
  - PeerKit (from `https://github.com/neonichu/PeerKit.git`)
  - Stargate (from `..`)

EXTERNAL SOURCES:
  PeerKit:
    :git: https://github.com/neonichu/PeerKit.git
  Stargate:
    :path: ..

CHECKOUT OPTIONS:
  PeerKit:
    :commit: ca6ea0bda30afb4fdd563457bead54038a1ab56f
    :git: https://github.com/neonichu/PeerKit.git

SPEC CHECKSUMS:
  MMWormhole: 941cd168b4afd6073f883b82944d6eded4e00203
  PeerKit: 7ab365c98a6b72211f280bfd51bae898b1f50f6f
  Stargate: a484e5b3a633f7cc62353212b73b0d2b739eac63

COCOAPODS: 0.37.0
