<?xml version="1.0" encoding="UTF-8"?>
<Scheme
   LastUpgradeVersion = "0630"
   version = "1.3">
   <BuildAction
      parallelizeBuildables = "YES"
      buildImplicitDependencies = "YES">
      <BuildActionEntries>
         <BuildActionEntry
            buildForTesting = "YES"
            buildForRunning = "YES"
            buildForProfiling = "YES"
            buildForArchiving = "YES"
            buildForAnalyzing = "YES">
            <BuildableReference
               BuildableIdentifier = "primary"
               BlueprintIdentifier = "A1C947961AF02B6100783952"
               BuildableName = "StargateExample WatchKit App.app"
               BlueprintName = "StargateExample WatchKit App"
               ReferencedContainer = "container:StargateExample.xcodeproj">
            </BuildableReference>
         </BuildActionEntry>
         <BuildActionEntry
            buildForTesting = "YES"
            buildForRunning = "YES"
            buildForProfiling = "YES"
            buildForArchiving = "YES"
            buildForAnalyzing = "YES">
            <BuildableReference
               BuildableIdentifier = "primary"
               BlueprintIdentifier = "A1C9478C1AF02B6100783952"
               BuildableName = "StargateExample WatchKit Extension.appex"
               BlueprintName = "StargateExample WatchKit Extension"
               ReferencedContainer = "container:StargateExample.xcodeproj">
            </BuildableReference>
         </BuildActionEntry>
         <BuildActionEntry
            buildForTesting = "YES"
            buildForRunning = "YES"
            buildForProfiling = "YES"
            buildForArchiving = "YES"
            buildForAnalyzing = "YES">
            <BuildableReference
               BuildableIdentifier = "primary"
               BlueprintIdentifier = "A1C947621AF02AAA00783952"
               BuildableName = "StargateExample.app"
               BlueprintName = "StargateExample"
               ReferencedContainer = "container:StargateExample.xcodeproj">
            </BuildableReference>
         </BuildActionEntry>
      </BuildActionEntries>
   </BuildAction>
   <TestAction
      selectedDebuggerIdentifier = "Xcode.DebuggerFoundation.Debugger.LLDB"
      selectedLauncherIdentifier = "Xcode.DebuggerFoundation.Launcher.LLDB"
      shouldUseLaunchSchemeArgsEnv = "YES"
      buildConfiguration = "Debug">
      <Testables>
      </Testables>
      <MacroExpansion>
         <BuildableReference
            BuildableIdentifier = "primary"
            BlueprintIdentifier = "A1C947961AF02B6100783952"
            BuildableName = "StargateExample WatchKit App.app"
            BlueprintName = "StargateExample WatchKit App"
            ReferencedContainer = "container:StargateExample.xcodeproj">
         </BuildableReference>
      </MacroExpansion>
   </TestAction>
   <LaunchAction
      selectedDebuggerIdentifier = "Xcode.DebuggerFoundation.Debugger.LLDB"
      selectedLauncherIdentifier = "Xcode.DebuggerFoundation.Launcher.LLDB"
      launchStyle = "0"
      useCustomWorkingDirectory = "NO"
      buildConfiguration = "Debug"
      ignoresPersistentStateOnLaunch = "NO"
      debugDocumentVersioning = "YES"
      allowLocationSimulation = "YES">
      <RemoteRunnable
         runnableDebuggingMode = "2"
         BundleIdentifier = "com.apple.springboard"
         RemotePath = "/StargateExample">
         <BuildableReference
            BuildableIdentifier = "primary"
            BlueprintIdentifier = "A1C947961AF02B6100783952"
            BuildableName = "StargateExample WatchKit App.app"
            BlueprintName = "StargateExample WatchKit App"
            ReferencedContainer = "container:StargateExample.xcodeproj">
         </BuildableReference>
      </RemoteRunnable>
      <MacroExpansion>
         <BuildableReference
            BuildableIdentifier = "primary"
            BlueprintIdentifier = "A1C947961AF02B6100783952"
            BuildableName = "StargateExample WatchKit App.app"
            BlueprintName = "StargateExample WatchKit App"
            ReferencedContainer = "container:StargateExample.xcodeproj">
         </BuildableReference>
      </MacroExpansion>
      <AdditionalOptions>
      </AdditionalOptions>
   </LaunchAction>
   <ProfileAction
      shouldUseLaunchSchemeArgsEnv = "YES"
      savedToolIdentifier = ""
      useCustomWorkingDirectory = "NO"
      buildConfiguration = "Release"
      debugDocumentVersioning = "YES">
      <RemoteRunnable
         runnableDebuggingMode = "2"
         BundleIdentifier = "com.apple.springboard"
         RemotePath = "/StargateExample">
         <BuildableReference
            BuildableIdentifier = "primary"
            BlueprintIdentifier = "A1C947961AF02B6100783952"
            BuildableName = "StargateExample WatchKit App.app"
            BlueprintName = "StargateExample WatchKit App"
            ReferencedContainer = "container:StargateExample.xcodeproj">
         </BuildableReference>
      </RemoteRunnable>
      <MacroExpansion>
         <BuildableReference
            BuildableIdentifier = "primary"
            BlueprintIdentifier = "A1C947961AF02B6100783952"
            BuildableName = "StargateExample WatchKit App.app"
            BlueprintName = "StargateExample WatchKit App"
            ReferencedContainer = "container:StargateExample.xcodeproj">
         </BuildableReference>
      </MacroExpansion>
   </ProfileAction>
   <AnalyzeAction
      buildConfiguration = "Debug">
   </AnalyzeAction>
   <ArchiveAction
      buildConfiguration = "Release"
      revealArchiveInOrganizer = "YES">
   </ArchiveAction>
</Scheme>
