// !$*UTF8*$!
{
	archiveVersion = 1;
	classes = {
	};
	objectVersion = 46;
	objects = {

/* Begin PBXBuildFile section */
		3C4542807A073B8F9B14C450 /* Pods_StargateExample_WatchKit_Extension.framework in Frameworks */ = {isa = PBXBuildFile; fileRef = 9AA7A16A94C5D7774FD99EC6 /* Pods_StargateExample_WatchKit_Extension.framework */; settings = {ATTRIBUTES = (Weak, ); }; };
		6C73C4264E9D3A2FF021C65A /* Pods_StargateExample.framework in Frameworks */ = {isa = PBXBuildFile; fileRef = 02ED045724D37BC8269B0ACF /* Pods_StargateExample.framework */; settings = {ATTRIBUTES = (Weak, ); }; };
		726B9FCD82C31016CD393A64 /* Pods_StargateApp.framework in Frameworks */ = {isa = PBXBuildFile; fileRef = 751381A17C44130E6C385467 /* Pods_StargateApp.framework */; settings = {ATTRIBUTES = (Weak, ); }; };
		A1A979CD1B40C936001A9B39 /* StargateExample WatchKit Extension.appex in Embed App Extensions */ = {isa = PBXBuildFile; fileRef = A1C9478D1AF02B6100783952 /* StargateExample WatchKit Extension.appex */; settings = {ATTRIBUTES = (RemoveHeadersOnCopy, ); }; };
		A1A979D01B40C936001A9B39 /* StargateExample WatchKit App.app in Embed Watch Content */ = {isa = PBXBuildFile; fileRef = A1C947971AF02B6100783952 /* StargateExample WatchKit App.app */; };
		A1C947691AF02AAA00783952 /* AppDelegate.swift in Sources */ = {isa = PBXBuildFile; fileRef = A1C947681AF02AAA00783952 /* AppDelegate.swift */; };
		A1C9476B1AF02AAA00783952 /* ViewController.swift in Sources */ = {isa = PBXBuildFile; fileRef = A1C9476A1AF02AAA00783952 /* ViewController.swift */; };
		A1C9476E1AF02AAA00783952 /* Main.storyboard in Resources */ = {isa = PBXBuildFile; fileRef = A1C9476C1AF02AAA00783952 /* Main.storyboard */; };
		A1C947701AF02AAA00783952 /* Images.xcassets in Resources */ = {isa = PBXBuildFile; fileRef = A1C9476F1AF02AAA00783952 /* Images.xcassets */; };
		A1C947731AF02AAA00783952 /* LaunchScreen.xib in Resources */ = {isa = PBXBuildFile; fileRef = A1C947711AF02AAA00783952 /* LaunchScreen.xib */; };
		A1C947921AF02B6100783952 /* InterfaceController.swift in Sources */ = {isa = PBXBuildFile; fileRef = A1C947911AF02B6100783952 /* InterfaceController.swift */; };
		A1C947941AF02B6100783952 /* Images.xcassets in Resources */ = {isa = PBXBuildFile; fileRef = A1C947931AF02B6100783952 /* Images.xcassets */; };
		A1C947A01AF02B6100783952 /* Interface.storyboard in Resources */ = {isa = PBXBuildFile; fileRef = A1C9479E1AF02B6100783952 /* Interface.storyboard */; };
		A1C947A21AF02B6100783952 /* Images.xcassets in Resources */ = {isa = PBXBuildFile; fileRef = A1C947A11AF02B6100783952 /* Images.xcassets */; };
		A1C947B61AF02BBA00783952 /* AppDelegate.swift in Sources */ = {isa = PBXBuildFile; fileRef = A1C947B51AF02BBA00783952 /* AppDelegate.swift */; };
		A1C947B81AF02BBA00783952 /* ViewController.swift in Sources */ = {isa = PBXBuildFile; fileRef = A1C947B71AF02BBA00783952 /* ViewController.swift */; };
		A1C947BA1AF02BBA00783952 /* Images.xcassets in Resources */ = {isa = PBXBuildFile; fileRef = A1C947B91AF02BBA00783952 /* Images.xcassets */; };
		A1C947BD1AF02BBA00783952 /* Main.storyboard in Resources */ = {isa = PBXBuildFile; fileRef = A1C947BB1AF02BBA00783952 /* Main.storyboard */; };
/* End PBXBuildFile section */

/* Begin PBXContainerItemProxy section */
		A1A979CB1B40C936001A9B39 /* PBXContainerItemProxy */ = {
			isa = PBXContainerItemProxy;
			containerPortal = A1C9475B1AF02AAA00783952 /* Project object */;
			proxyType = 1;
			remoteGlobalIDString = A1C9478C1AF02B6100783952;
			remoteInfo = "StargateExample WatchKit Extension";
		};
		A1A979CE1B40C936001A9B39 /* PBXContainerItemProxy */ = {
			isa = PBXContainerItemProxy;
			containerPortal = A1C9475B1AF02AAA00783952 /* Project object */;
			proxyType = 1;
			remoteGlobalIDString = A1C947961AF02B6100783952;
			remoteInfo = "StargateExample WatchKit App";
		};
/* End PBXContainerItemProxy section */

/* Begin PBXCopyFilesBuildPhase section */
		A1A979D11B40C936001A9B39 /* Embed App Extensions */ = {
			isa = PBXCopyFilesBuildPhase;
			buildActionMask = 2147483647;
			dstPath = "";
			dstSubfolderSpec = 13;
			files = (
				A1A979CD1B40C936001A9B39 /* StargateExample WatchKit Extension.appex in Embed App Extensions */,
			);
			name = "Embed App Extensions";
			runOnlyForDeploymentPostprocessing = 0;
		};
		A1A979D21B40C936001A9B39 /* Embed Watch Content */ = {
			isa = PBXCopyFilesBuildPhase;
			buildActionMask = 2147483647;
			dstPath = "$(CONTENTS_FOLDER_PATH)/Watch";
			dstSubfolderSpec = 16;
			files = (
				A1A979D01B40C936001A9B39 /* StargateExample WatchKit App.app in Embed Watch Content */,
			);
			name = "Embed Watch Content";
			runOnlyForDeploymentPostprocessing = 0;
		};
/* End PBXCopyFilesBuildPhase section */

/* Begin PBXFileReference section */
		02ED045724D37BC8269B0ACF /* Pods_StargateExample.framework */ = {isa = PBXFileReference; explicitFileType = wrapper.framework; includeInIndex = 0; path = Pods_StargateExample.framework; sourceTree = BUILT_PRODUCTS_DIR; };
		09A93EC6D3C873954663F7FF /* Pods-StargateApp.release.xcconfig */ = {isa = PBXFileReference; includeInIndex = 1; lastKnownFileType = text.xcconfig; name = "Pods-StargateApp.release.xcconfig"; path = "Pods/Target Support Files/Pods-StargateApp/Pods-StargateApp.release.xcconfig"; sourceTree = "<group>"; };
		140D4D332DB8FAE51D243041 /* Pods-StargateExample WatchKit Extension.debug.xcconfig */ = {isa = PBXFileReference; includeInIndex = 1; lastKnownFileType = text.xcconfig; name = "Pods-StargateExample WatchKit Extension.debug.xcconfig"; path = "Pods/Target Support Files/Pods-StargateExample WatchKit Extension/Pods-StargateExample WatchKit Extension.debug.xcconfig"; sourceTree = "<group>"; };
		57AAFAABD841794140E8CBC6 /* Pods-StargateExample.debug.xcconfig */ = {isa = PBXFileReference; includeInIndex = 1; lastKnownFileType = text.xcconfig; name = "Pods-StargateExample.debug.xcconfig"; path = "Pods/Target Support Files/Pods-StargateExample/Pods-StargateExample.debug.xcconfig"; sourceTree = "<group>"; };
		751381A17C44130E6C385467 /* Pods_StargateApp.framework */ = {isa = PBXFileReference; explicitFileType = wrapper.framework; includeInIndex = 0; path = Pods_StargateApp.framework; sourceTree = BUILT_PRODUCTS_DIR; };
		8E247F929D97C20E64345FD2 /* Pods-StargateExample WatchKit Extension.release.xcconfig */ = {isa = PBXFileReference; includeInIndex = 1; lastKnownFileType = text.xcconfig; name = "Pods-StargateExample WatchKit Extension.release.xcconfig"; path = "Pods/Target Support Files/Pods-StargateExample WatchKit Extension/Pods-StargateExample WatchKit Extension.release.xcconfig"; sourceTree = "<group>"; };
		9AA7A16A94C5D7774FD99EC6 /* Pods_StargateExample_WatchKit_Extension.framework */ = {isa = PBXFileReference; explicitFileType = wrapper.framework; includeInIndex = 0; path = Pods_StargateExample_WatchKit_Extension.framework; sourceTree = BUILT_PRODUCTS_DIR; };
		A1C947631AF02AAA00783952 /* StargateExample.app */ = {isa = PBXFileReference; explicitFileType = wrapper.application; includeInIndex = 0; path = StargateExample.app; sourceTree = BUILT_PRODUCTS_DIR; };
		A1C947671AF02AAA00783952 /* Info.plist */ = {isa = PBXFileReference; lastKnownFileType = text.plist.xml; path = Info.plist; sourceTree = "<group>"; };
		A1C947681AF02AAA00783952 /* AppDelegate.swift */ = {isa = PBXFileReference; lastKnownFileType = sourcecode.swift; path = AppDelegate.swift; sourceTree = "<group>"; };
		A1C9476A1AF02AAA00783952 /* ViewController.swift */ = {isa = PBXFileReference; lastKnownFileType = sourcecode.swift; path = ViewController.swift; sourceTree = "<group>"; };
		A1C9476D1AF02AAA00783952 /* Base */ = {isa = PBXFileReference; lastKnownFileType = file.storyboard; name = Base; path = Base.lproj/Main.storyboard; sourceTree = "<group>"; };
		A1C9476F1AF02AAA00783952 /* Images.xcassets */ = {isa = PBXFileReference; lastKnownFileType = folder.assetcatalog; path = Images.xcassets; sourceTree = "<group>"; };
		A1C947721AF02AAA00783952 /* Base */ = {isa = PBXFileReference; lastKnownFileType = file.xib; name = Base; path = Base.lproj/LaunchScreen.xib; sourceTree = "<group>"; };
		A1C9478D1AF02B6100783952 /* StargateExample WatchKit Extension.appex */ = {isa = PBXFileReference; explicitFileType = "wrapper.app-extension"; includeInIndex = 0; path = "StargateExample WatchKit Extension.appex"; sourceTree = BUILT_PRODUCTS_DIR; };
		A1C947901AF02B6100783952 /* Info.plist */ = {isa = PBXFileReference; lastKnownFileType = text.plist.xml; path = Info.plist; sourceTree = "<group>"; };
		A1C947911AF02B6100783952 /* InterfaceController.swift */ = {isa = PBXFileReference; lastKnownFileType = sourcecode.swift; path = InterfaceController.swift; sourceTree = "<group>"; };
		A1C947931AF02B6100783952 /* Images.xcassets */ = {isa = PBXFileReference; lastKnownFileType = folder.assetcatalog; path = Images.xcassets; sourceTree = "<group>"; };
		A1C947971AF02B6100783952 /* StargateExample WatchKit App.app */ = {isa = PBXFileReference; explicitFileType = wrapper.application; includeInIndex = 0; path = "StargateExample WatchKit App.app"; sourceTree = BUILT_PRODUCTS_DIR; };
		A1C9479D1AF02B6100783952 /* Info.plist */ = {isa = PBXFileReference; lastKnownFileType = text.plist.xml; path = Info.plist; sourceTree = "<group>"; };
		A1C9479F1AF02B6100783952 /* Base */ = {isa = PBXFileReference; lastKnownFileType = file.storyboard; name = Base; path = Base.lproj/Interface.storyboard; sourceTree = "<group>"; };
		A1C947A11AF02B6100783952 /* Images.xcassets */ = {isa = PBXFileReference; lastKnownFileType = folder.assetcatalog; path = Images.xcassets; sourceTree = "<group>"; };
		A1C947B11AF02BBA00783952 /* StargateApp.app */ = {isa = PBXFileReference; explicitFileType = wrapper.application; includeInIndex = 0; path = StargateApp.app; sourceTree = BUILT_PRODUCTS_DIR; };
		A1C947B41AF02BBA00783952 /* Info.plist */ = {isa = PBXFileReference; lastKnownFileType = text.plist.xml; path = Info.plist; sourceTree = "<group>"; };
		A1C947B51AF02BBA00783952 /* AppDelegate.swift */ = {isa = PBXFileReference; lastKnownFileType = sourcecode.swift; path = AppDelegate.swift; sourceTree = "<group>"; };
		A1C947B71AF02BBA00783952 /* ViewController.swift */ = {isa = PBXFileReference; lastKnownFileType = sourcecode.swift; path = ViewController.swift; sourceTree = "<group>"; };
		A1C947B91AF02BBA00783952 /* Images.xcassets */ = {isa = PBXFileReference; lastKnownFileType = folder.assetcatalog; path = Images.xcassets; sourceTree = "<group>"; };
		A1C947BC1AF02BBA00783952 /* Base */ = {isa = PBXFileReference; lastKnownFileType = file.storyboard; name = Base; path = Base.lproj/Main.storyboard; sourceTree = "<group>"; };
		A1C947D11AF0363A00783952 /* StargateExample WatchKit Extension.entitlements */ = {isa = PBXFileReference; lastKnownFileType = text.xml; name = "StargateExample WatchKit Extension.entitlements"; path = "../StargateExample WatchKit Extension.entitlements"; sourceTree = "<group>"; };
		A1C947D21AF0365000783952 /* StargateExample.entitlements */ = {isa = PBXFileReference; lastKnownFileType = text.xml; name = StargateExample.entitlements; path = ../../StargateExample.entitlements; sourceTree = "<group>"; };
		C6283DBE5E9F2CC8C7C8E5AE /* Pods-StargateExample.release.xcconfig */ = {isa = PBXFileReference; includeInIndex = 1; lastKnownFileType = text.xcconfig; name = "Pods-StargateExample.release.xcconfig"; path = "Pods/Target Support Files/Pods-StargateExample/Pods-StargateExample.release.xcconfig"; sourceTree = "<group>"; };
		EBEE93BDA48F8502AFEEE216 /* Pods-StargateApp.debug.xcconfig */ = {isa = PBXFileReference; includeInIndex = 1; lastKnownFileType = text.xcconfig; name = "Pods-StargateApp.debug.xcconfig"; path = "Pods/Target Support Files/Pods-StargateApp/Pods-StargateApp.debug.xcconfig"; sourceTree = "<group>"; };
/* End PBXFileReference section */

/* Begin PBXFrameworksBuildPhase section */
		77D51BDACC4F6463FD65D309 /* Frameworks */ = {
			isa = PBXFrameworksBuildPhase;
			buildActionMask = 2147483647;
			files = (
			);
			runOnlyForDeploymentPostprocessing = 0;
		};
		A1C947601AF02AAA00783952 /* Frameworks */ = {
			isa = PBXFrameworksBuildPhase;
			buildActionMask = 2147483647;
			files = (
				6C73C4264E9D3A2FF021C65A /* Pods_StargateExample.framework in Frameworks */,
			);
			runOnlyForDeploymentPostprocessing = 0;
		};
		A1C9478A1AF02B6100783952 /* Frameworks */ = {
			isa = PBXFrameworksBuildPhase;
			buildActionMask = 2147483647;
			files = (
				3C4542807A073B8F9B14C450 /* Pods_StargateExample_WatchKit_Extension.framework in Frameworks */,
			);
			runOnlyForDeploymentPostprocessing = 0;
		};
		A1C947AE1AF02BBA00783952 /* Frameworks */ = {
			isa = PBXFrameworksBuildPhase;
			buildActionMask = 2147483647;
			files = (
				726B9FCD82C31016CD393A64 /* Pods_StargateApp.framework in Frameworks */,
			);
			runOnlyForDeploymentPostprocessing = 0;
		};
/* End PBXFrameworksBuildPhase section */

/* Begin PBXGroup section */
		A1C9475A1AF02AAA00783952 = {
			isa = PBXGroup;
			children = (
				A1C947B21AF02BBA00783952 /* Mac App */,
				A1C947651AF02AAA00783952 /* Phone App */,
				A1C947641AF02AAA00783952 /* Products */,
				A1C9479B1AF02B6100783952 /* WatchKit App */,
				A1C9478E1AF02B6100783952 /* WatchKit Extension */,
				F1F2BD25CF71ACAB1B2E1138 /* Pods */,
				FB9BE32918FC97304D0891B7 /* Frameworks */,
			);
			sourceTree = "<group>";
		};
		A1C947641AF02AAA00783952 /* Products */ = {
			isa = PBXGroup;
			children = (
				A1C947631AF02AAA00783952 /* StargateExample.app */,
				A1C9478D1AF02B6100783952 /* StargateExample WatchKit Extension.appex */,
				A1C947971AF02B6100783952 /* StargateExample WatchKit App.app */,
				A1C947B11AF02BBA00783952 /* StargateApp.app */,
			);
			name = Products;
			sourceTree = "<group>";
		};
		A1C947651AF02AAA00783952 /* Phone App */ = {
			isa = PBXGroup;
			children = (
				A1C947681AF02AAA00783952 /* AppDelegate.swift */,
				A1C9476A1AF02AAA00783952 /* ViewController.swift */,
				A1C947881AF02B0200783952 /* Resources */,
				A1C947661AF02AAA00783952 /* Supporting Files */,
			);
			path = "Phone App";
			sourceTree = "<group>";
		};
		A1C947661AF02AAA00783952 /* Supporting Files */ = {
			isa = PBXGroup;
			children = (
				A1C947671AF02AAA00783952 /* Info.plist */,
				A1C947D21AF0365000783952 /* StargateExample.entitlements */,
			);
			path = "Supporting Files";
			sourceTree = "<group>";
		};
		A1C947881AF02B0200783952 /* Resources */ = {
			isa = PBXGroup;
			children = (
				A1C9476F1AF02AAA00783952 /* Images.xcassets */,
				A1C947711AF02AAA00783952 /* LaunchScreen.xib */,
				A1C9476C1AF02AAA00783952 /* Main.storyboard */,
			);
			path = Resources;
			sourceTree = "<group>";
		};
		A1C9478E1AF02B6100783952 /* WatchKit Extension */ = {
			isa = PBXGroup;
			children = (
				A1C947931AF02B6100783952 /* Images.xcassets */,
				A1C947911AF02B6100783952 /* InterfaceController.swift */,
				A1C947901AF02B6100783952 /* Info.plist */,
				A1C947D11AF0363A00783952 /* StargateExample WatchKit Extension.entitlements */,
			);
			path = "WatchKit Extension";
			sourceTree = "<group>";
		};
		A1C9479B1AF02B6100783952 /* WatchKit App */ = {
			isa = PBXGroup;
			children = (
				A1C947A11AF02B6100783952 /* Images.xcassets */,
				A1C9479E1AF02B6100783952 /* Interface.storyboard */,
				A1C9479D1AF02B6100783952 /* Info.plist */,
			);
			path = "WatchKit App";
			sourceTree = "<group>";
		};
		A1C947B21AF02BBA00783952 /* Mac App */ = {
			isa = PBXGroup;
			children = (
				A1C947B51AF02BBA00783952 /* AppDelegate.swift */,
				A1C947B71AF02BBA00783952 /* ViewController.swift */,
				A1C947D01AF02BE600783952 /* Resources */,
				A1C947B31AF02BBA00783952 /* Supporting Files */,
			);
			path = "Mac App";
			sourceTree = "<group>";
		};
		A1C947B31AF02BBA00783952 /* Supporting Files */ = {
			isa = PBXGroup;
			children = (
				A1C947B41AF02BBA00783952 /* Info.plist */,
			);
			path = "Supporting Files";
			sourceTree = "<group>";
		};
		A1C947D01AF02BE600783952 /* Resources */ = {
			isa = PBXGroup;
			children = (
				A1C947B91AF02BBA00783952 /* Images.xcassets */,
				A1C947BB1AF02BBA00783952 /* Main.storyboard */,
			);
			path = Resources;
			sourceTree = "<group>";
		};
		F1F2BD25CF71ACAB1B2E1138 /* Pods */ = {
			isa = PBXGroup;
			children = (
				EBEE93BDA48F8502AFEEE216 /* Pods-StargateApp.debug.xcconfig */,
				09A93EC6D3C873954663F7FF /* Pods-StargateApp.release.xcconfig */,
				57AAFAABD841794140E8CBC6 /* Pods-StargateExample.debug.xcconfig */,
				C6283DBE5E9F2CC8C7C8E5AE /* Pods-StargateExample.release.xcconfig */,
				140D4D332DB8FAE51D243041 /* Pods-StargateExample WatchKit Extension.debug.xcconfig */,
				8E247F929D97C20E64345FD2 /* Pods-StargateExample WatchKit Extension.release.xcconfig */,
			);
			name = Pods;
			sourceTree = "<group>";
		};
		FB9BE32918FC97304D0891B7 /* Frameworks */ = {
			isa = PBXGroup;
			children = (
				751381A17C44130E6C385467 /* Pods_StargateApp.framework */,
				02ED045724D37BC8269B0ACF /* Pods_StargateExample.framework */,
				9AA7A16A94C5D7774FD99EC6 /* Pods_StargateExample_WatchKit_Extension.framework */,
			);
			name = Frameworks;
			sourceTree = "<group>";
		};
/* End PBXGroup section */

/* Begin PBXNativeTarget section */
		A1C947621AF02AAA00783952 /* StargateExample */ = {
			isa = PBXNativeTarget;
			buildConfigurationList = A1C947821AF02AAA00783952 /* Build configuration list for PBXNativeTarget "StargateExample" */;
			buildPhases = (
				C37CF7EA5EC7A3CA46A886B9 /* Check Pods Manifest.lock */,
				A1C9475F1AF02AAA00783952 /* Sources */,
				A1C947601AF02AAA00783952 /* Frameworks */,
				A1C947611AF02AAA00783952 /* Resources */,
				8828AFA2C2F2EF27E0B1B9B0 /* Embed Pods Frameworks */,
				95D5455D0EF82CA66A54A80E /* Copy Pods Resources */,
				A1A979D21B40C936001A9B39 /* Embed Watch Content */,
			);
			buildRules = (
			);
			dependencies = (
				A1A979CF1B40C936001A9B39 /* PBXTargetDependency */,
			);
			name = StargateExample;
			productName = StargateExample;
			productReference = A1C947631AF02AAA00783952 /* StargateExample.app */;
			productType = "com.apple.product-type.application";
		};
		A1C9478C1AF02B6100783952 /* StargateExample WatchKit Extension */ = {
			isa = PBXNativeTarget;
			buildConfigurationList = A1C947AB1AF02B6100783952 /* Build configuration list for PBXNativeTarget "StargateExample WatchKit Extension" */;
			buildPhases = (
				084CB674F22373CADE9EE400 /* Check Pods Manifest.lock */,
				A1C947891AF02B6100783952 /* Sources */,
				A1C9478A1AF02B6100783952 /* Frameworks */,
				A1C9478B1AF02B6100783952 /* Resources */,
				25AE57E9304D045F09E6AEC7 /* Copy Pods Resources */,
			);
			buildRules = (
			);
			dependencies = (
			);
			name = "StargateExample WatchKit Extension";
			productName = "StargateExample WatchKit Extension";
			productReference = A1C9478D1AF02B6100783952 /* StargateExample WatchKit Extension.appex */;
			productType = "com.apple.product-type.watchkit2-extension";
		};
		A1C947961AF02B6100783952 /* StargateExample WatchKit App */ = {
			isa = PBXNativeTarget;
			buildConfigurationList = A1C947AA1AF02B6100783952 /* Build configuration list for PBXNativeTarget "StargateExample WatchKit App" */;
			buildPhases = (
				A1C947951AF02B6100783952 /* Resources */,
				77D51BDACC4F6463FD65D309 /* Frameworks */,
				A1A979D11B40C936001A9B39 /* Embed App Extensions */,
			);
			buildRules = (
			);
			dependencies = (
				A1A979CC1B40C936001A9B39 /* PBXTargetDependency */,
			);
			name = "StargateExample WatchKit App";
			productName = "StargateExample WatchKit App";
			productReference = A1C947971AF02B6100783952 /* StargateExample WatchKit App.app */;
			productType = "com.apple.product-type.application.watchapp2";
		};
		A1C947B01AF02BBA00783952 /* StargateApp */ = {
			isa = PBXNativeTarget;
			buildConfigurationList = A1C947CA1AF02BBA00783952 /* Build configuration list for PBXNativeTarget "StargateApp" */;
			buildPhases = (
				CD54FD69B2AB31109112D6A6 /* Check Pods Manifest.lock */,
				A1C947AD1AF02BBA00783952 /* Sources */,
				A1C947AE1AF02BBA00783952 /* Frameworks */,
				A1C947AF1AF02BBA00783952 /* Resources */,
				B284513678EDB01978AFC704 /* Embed Pods Frameworks */,
				D4E9B7FEFA6079ADC45DB3DA /* Copy Pods Resources */,
			);
			buildRules = (
			);
			dependencies = (
			);
			name = StargateApp;
			productName = Stargate;
			productReference = A1C947B11AF02BBA00783952 /* StargateApp.app */;
			productType = "com.apple.product-type.application";
		};
/* End PBXNativeTarget section */

/* Begin PBXProject section */
		A1C9475B1AF02AAA00783952 /* Project object */ = {
			isa = PBXProject;
			attributes = {
				LastSwiftUpdateCheck = 0700;
				LastUpgradeCheck = 0700;
				ORGANIZATIONNAME = "Contentful GmbH";
				TargetAttributes = {
					A1C947621AF02AAA00783952 = {
						CreatedOnToolsVersion = 6.3.1;
						DevelopmentTeam = RWJ5E97L7R;
						SystemCapabilities = {
							com.apple.ApplicationGroups.iOS = {
								enabled = 1;
							};
						};
					};
					A1C9478C1AF02B6100783952 = {
						CreatedOnToolsVersion = 6.3.1;
						DevelopmentTeam = RWJ5E97L7R;
						SystemCapabilities = {
							com.apple.ApplicationGroups.iOS = {
								enabled = 1;
							};
						};
					};
					A1C947961AF02B6100783952 = {
						CreatedOnToolsVersion = 6.3.1;
					};
					A1C947B01AF02BBA00783952 = {
						CreatedOnToolsVersion = 6.3.1;
					};
				};
			};
			buildConfigurationList = A1C9475E1AF02AAA00783952 /* Build configuration list for PBXProject "StargateExample" */;
			compatibilityVersion = "Xcode 3.2";
			developmentRegion = English;
			hasScannedForEncodings = 0;
			knownRegions = (
				en,
				Base,
			);
			mainGroup = A1C9475A1AF02AAA00783952;
			productRefGroup = A1C947641AF02AAA00783952 /* Products */;
			projectDirPath = "";
			projectRoot = "";
			targets = (
				A1C947B01AF02BBA00783952 /* StargateApp */,
				A1C947621AF02AAA00783952 /* StargateExample */,
				A1C9478C1AF02B6100783952 /* StargateExample WatchKit Extension */,
				A1C947961AF02B6100783952 /* StargateExample WatchKit App */,
			);
		};
/* End PBXProject section */

/* Begin PBXResourcesBuildPhase section */
		A1C947611AF02AAA00783952 /* Resources */ = {
			isa = PBXResourcesBuildPhase;
			buildActionMask = 2147483647;
			files = (
				A1C9476E1AF02AAA00783952 /* Main.storyboard in Resources */,
				A1C947731AF02AAA00783952 /* LaunchScreen.xib in Resources */,
				A1C947701AF02AAA00783952 /* Images.xcassets in Resources */,
			);
			runOnlyForDeploymentPostprocessing = 0;
		};
		A1C9478B1AF02B6100783952 /* Resources */ = {
			isa = PBXResourcesBuildPhase;
			buildActionMask = 2147483647;
			files = (
				A1C947941AF02B6100783952 /* Images.xcassets in Resources */,
			);
			runOnlyForDeploymentPostprocessing = 0;
		};
		A1C947951AF02B6100783952 /* Resources */ = {
			isa = PBXResourcesBuildPhase;
			buildActionMask = 2147483647;
			files = (
				A1C947A01AF02B6100783952 /* Interface.storyboard in Resources */,
				A1C947A21AF02B6100783952 /* Images.xcassets in Resources */,
			);
			runOnlyForDeploymentPostprocessing = 0;
		};
		A1C947AF1AF02BBA00783952 /* Resources */ = {
			isa = PBXResourcesBuildPhase;
			buildActionMask = 2147483647;
			files = (
				A1C947BA1AF02BBA00783952 /* Images.xcassets in Resources */,
				A1C947BD1AF02BBA00783952 /* Main.storyboard in Resources */,
			);
			runOnlyForDeploymentPostprocessing = 0;
		};
/* End PBXResourcesBuildPhase section */

/* Begin PBXShellScriptBuildPhase section */
		084CB674F22373CADE9EE400 /* Check Pods Manifest.lock */ = {
			isa = PBXShellScriptBuildPhase;
			buildActionMask = 2147483647;
			files = (
			);
			inputPaths = (
			);
			name = "Check Pods Manifest.lock";
			outputPaths = (
			);
			runOnlyForDeploymentPostprocessing = 0;
			shellPath = /bin/sh;
			shellScript = "diff \"${PODS_ROOT}/../Podfile.lock\" \"${PODS_ROOT}/Manifest.lock\" > /dev/null\nif [[ $? != 0 ]] ; then\n    cat << EOM\nerror: The sandbox is not in sync with the Podfile.lock. Run 'pod install' or update your CocoaPods installation.\nEOM\n    exit 1\nfi\n";
			showEnvVarsInLog = 0;
		};
		25AE57E9304D045F09E6AEC7 /* Copy Pods Resources */ = {
			isa = PBXShellScriptBuildPhase;
			buildActionMask = 2147483647;
			files = (
			);
			inputPaths = (
			);
			name = "Copy Pods Resources";
			outputPaths = (
			);
			runOnlyForDeploymentPostprocessing = 0;
			shellPath = /bin/sh;
			shellScript = "\"${SRCROOT}/Pods/Target Support Files/Pods-StargateExample WatchKit Extension/Pods-StargateExample WatchKit Extension-resources.sh\"\n";
			showEnvVarsInLog = 0;
		};
		8828AFA2C2F2EF27E0B1B9B0 /* Embed Pods Frameworks */ = {
			isa = PBXShellScriptBuildPhase;
			buildActionMask = 2147483647;
			files = (
			);
			inputPaths = (
			);
			name = "Embed Pods Frameworks";
			outputPaths = (
			);
			runOnlyForDeploymentPostprocessing = 0;
			shellPath = /bin/sh;
			shellScript = "\"${SRCROOT}/Pods/Target Support Files/Pods-StargateExample/Pods-StargateExample-frameworks.sh\"\n";
			showEnvVarsInLog = 0;
		};
		95D5455D0EF82CA66A54A80E /* Copy Pods Resources */ = {
			isa = PBXShellScriptBuildPhase;
			buildActionMask = 2147483647;
			files = (
			);
			inputPaths = (
			);
			name = "Copy Pods Resources";
			outputPaths = (
			);
			runOnlyForDeploymentPostprocessing = 0;
			shellPath = /bin/sh;
			shellScript = "\"${SRCROOT}/Pods/Target Support Files/Pods-StargateExample/Pods-StargateExample-resources.sh\"\n";
			showEnvVarsInLog = 0;
		};
		B284513678EDB01978AFC704 /* Embed Pods Frameworks */ = {
			isa = PBXShellScriptBuildPhase;
			buildActionMask = 2147483647;
			files = (
			);
			inputPaths = (
			);
			name = "Embed Pods Frameworks";
			outputPaths = (
			);
			runOnlyForDeploymentPostprocessing = 0;
			shellPath = /bin/sh;
			shellScript = "\"${SRCROOT}/Pods/Target Support Files/Pods-StargateApp/Pods-StargateApp-frameworks.sh\"\n";
			showEnvVarsInLog = 0;
		};
		C37CF7EA5EC7A3CA46A886B9 /* Check Pods Manifest.lock */ = {
			isa = PBXShellScriptBuildPhase;
			buildActionMask = 2147483647;
			files = (
			);
			inputPaths = (
			);
			name = "Check Pods Manifest.lock";
			outputPaths = (
			);
			runOnlyForDeploymentPostprocessing = 0;
			shellPath = /bin/sh;
			shellScript = "diff \"${PODS_ROOT}/../Podfile.lock\" \"${PODS_ROOT}/Manifest.lock\" > /dev/null\nif [[ $? != 0 ]] ; then\n    cat << EOM\nerror: The sandbox is not in sync with the Podfile.lock. Run 'pod install' or update your CocoaPods installation.\nEOM\n    exit 1\nfi\n";
			showEnvVarsInLog = 0;
		};
		CD54FD69B2AB31109112D6A6 /* Check Pods Manifest.lock */ = {
			isa = PBXShellScriptBuildPhase;
			buildActionMask = 2147483647;
			files = (
			);
			inputPaths = (
			);
			name = "Check Pods Manifest.lock";
			outputPaths = (
			);
			runOnlyForDeploymentPostprocessing = 0;
			shellPath = /bin/sh;
			shellScript = "diff \"${PODS_ROOT}/../Podfile.lock\" \"${PODS_ROOT}/Manifest.lock\" > /dev/null\nif [[ $? != 0 ]] ; then\n    cat << EOM\nerror: The sandbox is not in sync with the Podfile.lock. Run 'pod install' or update your CocoaPods installation.\nEOM\n    exit 1\nfi\n";
			showEnvVarsInLog = 0;
		};
		D4E9B7FEFA6079ADC45DB3DA /* Copy Pods Resources */ = {
			isa = PBXShellScriptBuildPhase;
			buildActionMask = 2147483647;
			files = (
			);
			inputPaths = (
			);
			name = "Copy Pods Resources";
			outputPaths = (
			);
			runOnlyForDeploymentPostprocessing = 0;
			shellPath = /bin/sh;
			shellScript = "\"${SRCROOT}/Pods/Target Support Files/Pods-StargateApp/Pods-StargateApp-resources.sh\"\n";
			showEnvVarsInLog = 0;
		};
/* End PBXShellScriptBuildPhase section */

/* Begin PBXSourcesBuildPhase section */
		A1C9475F1AF02AAA00783952 /* Sources */ = {
			isa = PBXSourcesBuildPhase;
			buildActionMask = 2147483647;
			files = (
				A1C9476B1AF02AAA00783952 /* ViewController.swift in Sources */,
				A1C947691AF02AAA00783952 /* AppDelegate.swift in Sources */,
			);
			runOnlyForDeploymentPostprocessing = 0;
		};
		A1C947891AF02B6100783952 /* Sources */ = {
			isa = PBXSourcesBuildPhase;
			buildActionMask = 2147483647;
			files = (
				A1C947921AF02B6100783952 /* InterfaceController.swift in Sources */,
			);
			runOnlyForDeploymentPostprocessing = 0;
		};
		A1C947AD1AF02BBA00783952 /* Sources */ = {
			isa = PBXSourcesBuildPhase;
			buildActionMask = 2147483647;
			files = (
				A1C947B81AF02BBA00783952 /* ViewController.swift in Sources */,
				A1C947B61AF02BBA00783952 /* AppDelegate.swift in Sources */,
			);
			runOnlyForDeploymentPostprocessing = 0;
		};
/* End PBXSourcesBuildPhase section */

/* Begin PBXTargetDependency section */
		A1A979CC1B40C936001A9B39 /* PBXTargetDependency */ = {
			isa = PBXTargetDependency;
			target = A1C9478C1AF02B6100783952 /* StargateExample WatchKit Extension */;
			targetProxy = A1A979CB1B40C936001A9B39 /* PBXContainerItemProxy */;
		};
		A1A979CF1B40C936001A9B39 /* PBXTargetDependency */ = {
			isa = PBXTargetDependency;
			target = A1C947961AF02B6100783952 /* StargateExample WatchKit App */;
			targetProxy = A1A979CE1B40C936001A9B39 /* PBXContainerItemProxy */;
		};
/* End PBXTargetDependency section */

/* Begin PBXVariantGroup section */
		A1C9476C1AF02AAA00783952 /* Main.storyboard */ = {
			isa = PBXVariantGroup;
			children = (
				A1C9476D1AF02AAA00783952 /* Base */,
			);
			name = Main.storyboard;
			path = .;
			sourceTree = "<group>";
		};
		A1C947711AF02AAA00783952 /* LaunchScreen.xib */ = {
			isa = PBXVariantGroup;
			children = (
				A1C947721AF02AAA00783952 /* Base */,
			);
			name = LaunchScreen.xib;
			path = .;
			sourceTree = "<group>";
		};
		A1C9479E1AF02B6100783952 /* Interface.storyboard */ = {
			isa = PBXVariantGroup;
			children = (
				A1C9479F1AF02B6100783952 /* Base */,
			);
			name = Interface.storyboard;
			path = .;
			sourceTree = "<group>";
		};
		A1C947BB1AF02BBA00783952 /* Main.storyboard */ = {
			isa = PBXVariantGroup;
			children = (
				A1C947BC1AF02BBA00783952 /* Base */,
			);
			name = Main.storyboard;
			path = .;
			sourceTree = "<group>";
		};
/* End PBXVariantGroup section */

/* Begin XCBuildConfiguration section */
		A1C947801AF02AAA00783952 /* Debug */ = {
			isa = XCBuildConfiguration;
			buildSettings = {
				ALWAYS_SEARCH_USER_PATHS = NO;
				CLANG_CXX_LANGUAGE_STANDARD = "gnu++0x";
				CLANG_CXX_LIBRARY = "libc++";
				CLANG_ENABLE_MODULES = YES;
				CLANG_ENABLE_OBJC_ARC = YES;
				CLANG_WARN_BOOL_CONVERSION = YES;
				CLANG_WARN_CONSTANT_CONVERSION = YES;
				CLANG_WARN_DIRECT_OBJC_ISA_USAGE = YES_ERROR;
				CLANG_WARN_EMPTY_BODY = YES;
				CLANG_WARN_ENUM_CONVERSION = YES;
				CLANG_WARN_INT_CONVERSION = YES;
				CLANG_WARN_OBJC_ROOT_CLASS = YES_ERROR;
				CLANG_WARN_UNREACHABLE_CODE = YES;
				CLANG_WARN__DUPLICATE_METHOD_MATCH = YES;
				"CODE_SIGN_IDENTITY[sdk=iphoneos*]" = "iPhone Developer";
				COPY_PHASE_STRIP = NO;
				DEBUG_INFORMATION_FORMAT = "dwarf-with-dsym";
				ENABLE_STRICT_OBJC_MSGSEND = YES;
				ENABLE_TESTABILITY = YES;
				GCC_C_LANGUAGE_STANDARD = gnu99;
				GCC_DYNAMIC_NO_PIC = NO;
				GCC_NO_COMMON_BLOCKS = YES;
				GCC_OPTIMIZATION_LEVEL = 0;
				GCC_PREPROCESSOR_DEFINITIONS = (
					"DEBUG=1",
					"$(inherited)",
				);
				GCC_SYMBOLS_PRIVATE_EXTERN = NO;
				GCC_WARN_64_TO_32_BIT_CONVERSION = YES;
				GCC_WARN_ABOUT_RETURN_TYPE = YES_ERROR;
				GCC_WARN_UNDECLARED_SELECTOR = YES;
				GCC_WARN_UNINITIALIZED_AUTOS = YES_AGGRESSIVE;
				GCC_WARN_UNUSED_FUNCTION = YES;
				GCC_WARN_UNUSED_VARIABLE = YES;
				IPHONEOS_DEPLOYMENT_TARGET = 8.3;
				MTL_ENABLE_DEBUG_INFO = YES;
				ONLY_ACTIVE_ARCH = YES;
				SDKROOT = iphoneos;
				SWIFT_OPTIMIZATION_LEVEL = "-Onone";
			};
			name = Debug;
		};
		A1C947811AF02AAA00783952 /* Release */ = {
			isa = XCBuildConfiguration;
			buildSettings = {
				ALWAYS_SEARCH_USER_PATHS = NO;
				CLANG_CXX_LANGUAGE_STANDARD = "gnu++0x";
				CLANG_CXX_LIBRARY = "libc++";
				CLANG_ENABLE_MODULES = YES;
				CLANG_ENABLE_OBJC_ARC = YES;
				CLANG_WARN_BOOL_CONVERSION = YES;
				CLANG_WARN_CONSTANT_CONVERSION = YES;
				CLANG_WARN_DIRECT_OBJC_ISA_USAGE = YES_ERROR;
				CLANG_WARN_EMPTY_BODY = YES;
				CLANG_WARN_ENUM_CONVERSION = YES;
				CLANG_WARN_INT_CONVERSION = YES;
				CLANG_WARN_OBJC_ROOT_CLASS = YES_ERROR;
				CLANG_WARN_UNREACHABLE_CODE = YES;
				CLANG_WARN__DUPLICATE_METHOD_MATCH = YES;
				"CODE_SIGN_IDENTITY[sdk=iphoneos*]" = "iPhone Developer";
				COPY_PHASE_STRIP = NO;
				DEBUG_INFORMATION_FORMAT = "dwarf-with-dsym";
				ENABLE_NS_ASSERTIONS = NO;
				ENABLE_STRICT_OBJC_MSGSEND = YES;
				GCC_C_LANGUAGE_STANDARD = gnu99;
				GCC_NO_COMMON_BLOCKS = YES;
				GCC_WARN_64_TO_32_BIT_CONVERSION = YES;
				GCC_WARN_ABOUT_RETURN_TYPE = YES_ERROR;
				GCC_WARN_UNDECLARED_SELECTOR = YES;
				GCC_WARN_UNINITIALIZED_AUTOS = YES_AGGRESSIVE;
				GCC_WARN_UNUSED_FUNCTION = YES;
				GCC_WARN_UNUSED_VARIABLE = YES;
				IPHONEOS_DEPLOYMENT_TARGET = 8.3;
				MTL_ENABLE_DEBUG_INFO = NO;
				SDKROOT = iphoneos;
				VALIDATE_PRODUCT = YES;
			};
			name = Release;
		};
		A1C947831AF02AAA00783952 /* Debug */ = {
			isa = XCBuildConfiguration;
			baseConfigurationReference = 57AAFAABD841794140E8CBC6 /* Pods-StargateExample.debug.xcconfig */;
			buildSettings = {
				ASSETCATALOG_COMPILER_APPICON_NAME = AppIcon;
				CODE_SIGN_ENTITLEMENTS = StargateExample.entitlements;
				CODE_SIGN_IDENTITY = "iPhone Developer";
				"CODE_SIGN_IDENTITY[sdk=iphoneos*]" = "iPhone Developer";
				INFOPLIST_FILE = "Phone App/Supporting Files/Info.plist";
				LD_RUNPATH_SEARCH_PATHS = "$(inherited) @executable_path/Frameworks";
				PRODUCT_BUNDLE_IDENTIFIER = "com.contentful.$(PRODUCT_NAME:rfc1034identifier)";
				PRODUCT_NAME = "$(TARGET_NAME)";
				PROVISIONING_PROFILE = "";
			};
			name = Debug;
		};
		A1C947841AF02AAA00783952 /* Release */ = {
			isa = XCBuildConfiguration;
			baseConfigurationReference = C6283DBE5E9F2CC8C7C8E5AE /* Pods-StargateExample.release.xcconfig */;
			buildSettings = {
				ASSETCATALOG_COMPILER_APPICON_NAME = AppIcon;
				CODE_SIGN_ENTITLEMENTS = StargateExample.entitlements;
				CODE_SIGN_IDENTITY = "iPhone Developer";
				"CODE_SIGN_IDENTITY[sdk=iphoneos*]" = "iPhone Developer";
				INFOPLIST_FILE = "Phone App/Supporting Files/Info.plist";
				LD_RUNPATH_SEARCH_PATHS = "$(inherited) @executable_path/Frameworks";
				PRODUCT_BUNDLE_IDENTIFIER = "com.contentful.$(PRODUCT_NAME:rfc1034identifier)";
				PRODUCT_NAME = "$(TARGET_NAME)";
				PROVISIONING_PROFILE = "";
			};
			name = Release;
		};
		A1C947A61AF02B6100783952 /* Debug */ = {
			isa = XCBuildConfiguration;
			baseConfigurationReference = 140D4D332DB8FAE51D243041 /* Pods-StargateExample WatchKit Extension.debug.xcconfig */;
			buildSettings = {
				CODE_SIGN_ENTITLEMENTS = "StargateExample WatchKit Extension.entitlements";
				CODE_SIGN_IDENTITY = "iPhone Developer";
				"CODE_SIGN_IDENTITY[sdk=iphoneos*]" = "iPhone Developer";
				GCC_PREPROCESSOR_DEFINITIONS = (
					"DEBUG=1",
					"$(inherited)",
				);
				INFOPLIST_FILE = "WatchKit Extension/Info.plist";
				LD_RUNPATH_SEARCH_PATHS = "$(inherited) @executable_path/Frameworks @executable_path/../../Frameworks";
				PRODUCT_BUNDLE_IDENTIFIER = com.contentful.StargateExample.watchkitapp.watchkitextension;
				PRODUCT_NAME = "${TARGET_NAME}";
				PROVISIONING_PROFILE = "";
				SDKROOT = watchos;
				SKIP_INSTALL = YES;
				TARGETED_DEVICE_FAMILY = 4;
				WATCHOS_DEPLOYMENT_TARGET = 2.0;
			};
			name = Debug;
		};
		A1C947A71AF02B6100783952 /* Release */ = {
			isa = XCBuildConfiguration;
			baseConfigurationReference = 8E247F929D97C20E64345FD2 /* Pods-StargateExample WatchKit Extension.release.xcconfig */;
			buildSettings = {
				CODE_SIGN_ENTITLEMENTS = "StargateExample WatchKit Extension.entitlements";
				CODE_SIGN_IDENTITY = "iPhone Developer";
				"CODE_SIGN_IDENTITY[sdk=iphoneos*]" = "iPhone Developer";
				INFOPLIST_FILE = "WatchKit Extension/Info.plist";
				LD_RUNPATH_SEARCH_PATHS = "$(inherited) @executable_path/Frameworks @executable_path/../../Frameworks";
				PRODUCT_BUNDLE_IDENTIFIER = com.contentful.StargateExample.watchkitapp.watchkitextension;
				PRODUCT_NAME = "${TARGET_NAME}";
				PROVISIONING_PROFILE = "";
				SDKROOT = watchos;
				SKIP_INSTALL = YES;
				TARGETED_DEVICE_FAMILY = 4;
				WATCHOS_DEPLOYMENT_TARGET = 2.0;
			};
			name = Release;
		};
		A1C947A81AF02B6100783952 /* Debug */ = {
			isa = XCBuildConfiguration;
			buildSettings = {
				ASSETCATALOG_COMPILER_APPICON_NAME = AppIcon;
				EMBEDDED_CONTENT_CONTAINS_SWIFT = YES;
				GCC_PREPROCESSOR_DEFINITIONS = (
					"DEBUG=1",
					"$(inherited)",
				);
				IBSC_MODULE = StargateExample_WatchKit_Extension;
				INFOPLIST_FILE = "WatchKit App/Info.plist";
				PRODUCT_BUNDLE_IDENTIFIER = com.contentful.StargateExample.watchkitapp;
				PRODUCT_NAME = "$(TARGET_NAME)";
				SDKROOT = watchos;
				SKIP_INSTALL = YES;
				TARGETED_DEVICE_FAMILY = 4;
				WATCHOS_DEPLOYMENT_TARGET = 2.0;
			};
			name = Debug;
		};
		A1C947A91AF02B6100783952 /* Release */ = {
			isa = XCBuildConfiguration;
			buildSettings = {
				ASSETCATALOG_COMPILER_APPICON_NAME = AppIcon;
				EMBEDDED_CONTENT_CONTAINS_SWIFT = YES;
				IBSC_MODULE = StargateExample_WatchKit_Extension;
				INFOPLIST_FILE = "WatchKit App/Info.plist";
				PRODUCT_BUNDLE_IDENTIFIER = com.contentful.StargateExample.watchkitapp;
				PRODUCT_NAME = "$(TARGET_NAME)";
				SDKROOT = watchos;
				SKIP_INSTALL = YES;
				TARGETED_DEVICE_FAMILY = 4;
				WATCHOS_DEPLOYMENT_TARGET = 2.0;
			};
			name = Release;
		};
		A1C947CB1AF02BBA00783952 /* Debug */ = {
			isa = XCBuildConfiguration;
			baseConfigurationReference = EBEE93BDA48F8502AFEEE216 /* Pods-StargateApp.debug.xcconfig */;
			buildSettings = {
				ASSETCATALOG_COMPILER_APPICON_NAME = AppIcon;
				CODE_SIGN_IDENTITY = "";
				COMBINE_HIDPI_IMAGES = YES;
				DEBUG_INFORMATION_FORMAT = dwarf;
				GCC_PREPROCESSOR_DEFINITIONS = (
					"DEBUG=1",
					"$(inherited)",
				);
				INFOPLIST_FILE = "Mac App/Supporting Files/Info.plist";
				LD_RUNPATH_SEARCH_PATHS = "$(inherited) @executable_path/../Frameworks";
				MACOSX_DEPLOYMENT_TARGET = 10.10;
				PRODUCT_BUNDLE_IDENTIFIER = "com.contentful.$(PRODUCT_NAME:rfc1034identifier)";
				PRODUCT_MODULE_NAME = "$(PRODUCT_NAME:c99extidentifier)";
				PRODUCT_NAME = "$(TARGET_NAME)";
				SDKROOT = macosx;
			};
			name = Debug;
		};
		A1C947CC1AF02BBA00783952 /* Release */ = {
			isa = XCBuildConfiguration;
			baseConfigurationReference = 09A93EC6D3C873954663F7FF /* Pods-StargateApp.release.xcconfig */;
			buildSettings = {
				ASSETCATALOG_COMPILER_APPICON_NAME = AppIcon;
				CODE_SIGN_IDENTITY = "";
				COMBINE_HIDPI_IMAGES = YES;
				INFOPLIST_FILE = "Mac App/Supporting Files/Info.plist";
				LD_RUNPATH_SEARCH_PATHS = "$(inherited) @executable_path/../Frameworks";
				MACOSX_DEPLOYMENT_TARGET = 10.10;
				PRODUCT_BUNDLE_IDENTIFIER = "com.contentful.$(PRODUCT_NAME:rfc1034identifier)";
				PRODUCT_MODULE_NAME = "$(PRODUCT_NAME:c99extidentifier)";
				PRODUCT_NAME = "$(TARGET_NAME)";
				SDKROOT = macosx;
			};
			name = Release;
		};
/* End XCBuildConfiguration section */

/* Begin XCConfigurationList section */
		A1C9475E1AF02AAA00783952 /* Build configuration list for PBXProject "StargateExample" */ = {
			isa = XCConfigurationList;
			buildConfigurations = (
				A1C947801AF02AAA00783952 /* Debug */,
				A1C947811AF02AAA00783952 /* Release */,
			);
			defaultConfigurationIsVisible = 0;
			defaultConfigurationName = Release;
		};
		A1C947821AF02AAA00783952 /* Build configuration list for PBXNativeTarget "StargateExample" */ = {
			isa = XCConfigurationList;
			buildConfigurations = (
				A1C947831AF02AAA00783952 /* Debug */,
				A1C947841AF02AAA00783952 /* Release */,
			);
			defaultConfigurationIsVisible = 0;
			defaultConfigurationName = Release;
		};
		A1C947AA1AF02B6100783952 /* Build configuration list for PBXNativeTarget "StargateExample WatchKit App" */ = {
			isa = XCConfigurationList;
			buildConfigurations = (
				A1C947A81AF02B6100783952 /* Debug */,
				A1C947A91AF02B6100783952 /* Release */,
			);
			defaultConfigurationIsVisible = 0;
			defaultConfigurationName = Release;
		};
		A1C947AB1AF02B6100783952 /* Build configuration list for PBXNativeTarget "StargateExample WatchKit Extension" */ = {
			isa = XCConfigurationList;
			buildConfigurations = (
				A1C947A61AF02B6100783952 /* Debug */,
				A1C947A71AF02B6100783952 /* Release */,
			);
			defaultConfigurationIsVisible = 0;
			defaultConfigurationName = Release;
		};
		A1C947CA1AF02BBA00783952 /* Build configuration list for PBXNativeTarget "StargateApp" */ = {
			isa = XCConfigurationList;
			buildConfigurations = (
				A1C947CB1AF02BBA00783952 /* Debug */,
				A1C947CC1AF02BBA00783952 /* Release */,
			);
			defaultConfigurationIsVisible = 0;
			defaultConfigurationName = Release;
		};
/* End XCConfigurationList section */
	};
	rootObject = A1C9475B1AF02AAA00783952 /* Project object */;
}
